// !$*UTF8*$!
{
	archiveVersion = 1;
	classes = {
	};
	objectVersion = 46;
	objects = {

/* Begin PBXBuildFile section */
		1681403C5D6D782B0BA6F0D1 /* ContentView.swift in Sources */ = {isa = PBXBuildFile; fileRef = 16814C29C0726AFCA8394A09 /* ContentView.swift */; };
		168140A4658C71F06D0B2693 /* testTests.swift in Sources */ = {isa = PBXBuildFile; fileRef = 1681470C41479471D2145565 /* testTests.swift */; };
		168141256021DBFDDA40E4E6 /* Assets.xcassets in Resources */ = {isa = PBXBuildFile; fileRef = 1681496F124064DBB43398C3 /* Assets.xcassets */; };
		168141D481EB62B1486A2DC2 /* testApp.swift in Sources */ = {isa = PBXBuildFile; fileRef = 168146380D664F0B02C578F7 /* testApp.swift */; };
		1681423E0A90784E470B35F5 /* testUITestsLaunchTests.swift in Sources */ = {isa = PBXBuildFile; fileRef = 16814FECF97CCA5B102C0526 /* testUITestsLaunchTests.swift */; };
		168146A24F7C95DEF9E56455 /* testUITests.swift in Sources */ = {isa = PBXBuildFile; fileRef = 16814BE5557973C98EFC2054 /* testUITests.swift */; };
		16814E372CE7F597674C6565 /* OCTest.mm in Sources */ = {isa = PBXBuildFile; fileRef = 1681494734C9987591402EAC /* OCTest.mm */; };
		16814EC9295BE12ED94A8DF0 /* Preview Assets.xcassets in Resources */ = {isa = PBXBuildFile; fileRef = 16814658FC18D7142972D79B /* Preview Assets.xcassets */; };
/* End PBXBuildFile section */

/* Begin PBXContainerItemProxy section */
		168148EAE60DEB888B526A3B /* PBXContainerItemProxy */ = {
			isa = PBXContainerItemProxy;
			containerPortal = 16814F065CAB6C1C975CF8A3 /* Project object */;
			proxyType = 1;
			remoteGlobalIDString = 16814B93B17ADFCA40DE4A20;
			remoteInfo = test;
		};
		16814D1DD8BC85189056135C /* PBXContainerItemProxy */ = {
			isa = PBXContainerItemProxy;
			containerPortal = 16814F065CAB6C1C975CF8A3 /* Project object */;
			proxyType = 1;
			remoteGlobalIDString = 16814B93B17ADFCA40DE4A20;
			remoteInfo = test;
		};
/* End PBXContainerItemProxy section */

/* Begin PBXFileReference section */
		16814228DEFDE89F8A45635F /* testUITests.xctest */ = {isa = PBXFileReference; explicitFileType = wrapper.cfbundle; includeInIndex = 0; path = testUITests.xctest; sourceTree = BUILT_PRODUCTS_DIR; };
		1681439D883F14DD66DBC84C /* OCTest.h */ = {isa = PBXFileReference; fileEncoding = 4; lastKnownFileType = sourcecode.c.h; path = OCTest.h; sourceTree = "<group>"; };
		168146380D664F0B02C578F7 /* testApp.swift */ = {isa = PBXFileReference; lastKnownFileType = sourcecode.swift; path = testApp.swift; sourceTree = "<group>"; };
		16814658FC18D7142972D79B /* Preview Assets.xcassets */ = {isa = PBXFileReference; lastKnownFileType = folder.assetcatalog; path = "Preview Assets.xcassets"; sourceTree = "<group>"; };
		1681470C41479471D2145565 /* testTests.swift */ = {isa = PBXFileReference; lastKnownFileType = sourcecode.swift; path = testTests.swift; sourceTree = "<group>"; };
		1681494002C503628ECCFD1E /* test.app */ = {isa = PBXFileReference; explicitFileType = wrapper.application; includeInIndex = 0; path = test.app; sourceTree = BUILT_PRODUCTS_DIR; };
		1681494734C9987591402EAC /* OCTest.mm */ = {isa = PBXFileReference; fileEncoding = 4; lastKnownFileType = sourcecode.cpp.objcpp; path = OCTest.mm; sourceTree = "<group>"; };
		1681496F124064DBB43398C3 /* Assets.xcassets */ = {isa = PBXFileReference; lastKnownFileType = folder.assetcatalog; path = Assets.xcassets; sourceTree = "<group>"; };
		16814BC7EBE15438FD82BF14 /* testTests.xctest */ = {isa = PBXFileReference; explicitFileType = wrapper.cfbundle; includeInIndex = 0; path = testTests.xctest; sourceTree = BUILT_PRODUCTS_DIR; };
		16814BE5557973C98EFC2054 /* testUITests.swift */ = {isa = PBXFileReference; lastKnownFileType = sourcecode.swift; path = testUITests.swift; sourceTree = "<group>"; };
		16814C29C0726AFCA8394A09 /* ContentView.swift */ = {isa = PBXFileReference; lastKnownFileType = sourcecode.swift; path = ContentView.swift; sourceTree = "<group>"; };
		16814FECF97CCA5B102C0526 /* testUITestsLaunchTests.swift */ = {isa = PBXFileReference; lastKnownFileType = sourcecode.swift; path = testUITestsLaunchTests.swift; sourceTree = "<group>"; };
/* End PBXFileReference section */

/* Begin PBXFrameworksBuildPhase section */
		1681491D6080ED26CFC208C6 /* Frameworks */ = {
			isa = PBXFrameworksBuildPhase;
			buildActionMask = 2147483647;
			files = (
			);
			runOnlyForDeploymentPostprocessing = 0;
		};
		16814A9B81CB73E32617485D /* Frameworks */ = {
			isa = PBXFrameworksBuildPhase;
			buildActionMask = 2147483647;
			files = (
			);
			runOnlyForDeploymentPostprocessing = 0;
		};
		16814F9A4E06DCCFDA77F949 /* Frameworks */ = {
			isa = PBXFrameworksBuildPhase;
			buildActionMask = 2147483647;
			files = (
			);
			runOnlyForDeploymentPostprocessing = 0;
		};
/* End PBXFrameworksBuildPhase section */

/* Begin PBXGroup section */
		1681409AC3014B16983BFBAD = {
			isa = PBXGroup;
			children = (
				168140BFC787D260A7F881A5 /* Products */,
				16814B6ECF1C12D181E180C9 /* test */,
				168142F1B16855CD54B28DE1 /* testTests */,
				16814A5DBCF502C2CFC3E64E /* testUITests */,
			);
			sourceTree = "<group>";
		};
		168140BFC787D260A7F881A5 /* Products */ = {
			isa = PBXGroup;
			children = (
				1681494002C503628ECCFD1E /* test.app */,
				16814BC7EBE15438FD82BF14 /* testTests.xctest */,
				16814228DEFDE89F8A45635F /* testUITests.xctest */,
			);
			name = Products;
			sourceTree = "<group>";
		};
		168142F1B16855CD54B28DE1 /* testTests */ = {
			isa = PBXGroup;
			children = (
				1681470C41479471D2145565 /* testTests.swift */,
			);
			path = testTests;
			sourceTree = "<group>";
		};
		1681480B0F3CF7B4E5CCFDC9 /* Preview Content */ = {
			isa = PBXGroup;
			children = (
				16814658FC18D7142972D79B /* Preview Assets.xcassets */,
			);
			path = "Preview Content";
			sourceTree = "<group>";
		};
		16814A5DBCF502C2CFC3E64E /* testUITests */ = {
			isa = PBXGroup;
			children = (
				16814BE5557973C98EFC2054 /* testUITests.swift */,
				16814FECF97CCA5B102C0526 /* testUITestsLaunchTests.swift */,
			);
			path = testUITests;
			sourceTree = "<group>";
		};
		16814B6ECF1C12D181E180C9 /* test */ = {
			isa = PBXGroup;
			children = (
				1681496F124064DBB43398C3 /* Assets.xcassets */,
				1681480B0F3CF7B4E5CCFDC9 /* Preview Content */,
				168146380D664F0B02C578F7 /* testApp.swift */,
				16814C29C0726AFCA8394A09 /* ContentView.swift */,
				1681494734C9987591402EAC /* OCTest.mm */,
				1681439D883F14DD66DBC84C /* OCTest.h */,
			);
			path = test;
			sourceTree = "<group>";
		};
/* End PBXGroup section */

/* Begin PBXNativeTarget section */
		168140EF745D91A6AA11330B /* testTests */ = {
			isa = PBXNativeTarget;
			buildConfigurationList = 1681413E67943319A5AA6E9E /* Build configuration list for PBXNativeTarget "testTests" */;
			buildPhases = (
				1681473417270758AC632696 /* Sources */,
				1681491D6080ED26CFC208C6 /* Frameworks */,
				1681447EF6F508E2A79B42BE /* Resources */,
			);
			buildRules = (
			);
			dependencies = (
				168146490F9AEEC9A97D97D2 /* PBXTargetDependency */,
			);
			name = testTests;
			productName = testTests;
			productReference = 16814BC7EBE15438FD82BF14 /* testTests.xctest */;
			productType = "com.apple.product-type.bundle.unit-test";
		};
		16814B93B17ADFCA40DE4A20 /* test */ = {
			isa = PBXNativeTarget;
			buildConfigurationList = 168140D7E9F6812D45B46FD1 /* Build configuration list for PBXNativeTarget "test" */;
			buildPhases = (
				1681417EC525C946863BC0A4 /* Sources */,
				16814A9B81CB73E32617485D /* Frameworks */,
				1681458EF1408F396FAAE2D8 /* Resources */,
			);
			buildRules = (
			);
			dependencies = (
			);
			name = test;
			productName = test;
			productReference = 1681494002C503628ECCFD1E /* test.app */;
			productType = "com.apple.product-type.application";
		};
		16814F7161923349522F53A6 /* testUITests */ = {
			isa = PBXNativeTarget;
			buildConfigurationList = 16814C323AE9C1C63CB953B6 /* Build configuration list for PBXNativeTarget "testUITests" */;
			buildPhases = (
				16814455F4B0309C23273894 /* Sources */,
				16814F9A4E06DCCFDA77F949 /* Frameworks */,
				16814233B5B0C39632053880 /* Resources */,
			);
			buildRules = (
			);
			dependencies = (
				1681423BEE71706B80CC5639 /* PBXTargetDependency */,
			);
			name = testUITests;
			productName = testUITests;
			productReference = 16814228DEFDE89F8A45635F /* testUITests.xctest */;
			productType = "com.apple.product-type.bundle.ui-testing";
		};
/* End PBXNativeTarget section */

/* Begin PBXProject section */
		16814F065CAB6C1C975CF8A3 /* Project object */ = {
			isa = PBXProject;
			buildConfigurationList = 168146ADB7C48DC10D152515 /* Build configuration list for PBXProject "test" */;
			compatibilityVersion = "Xcode 3.2";
			developmentRegion = English;
			hasScannedForEncodings = 0;
			knownRegions = (
				en,
			);
			mainGroup = 1681409AC3014B16983BFBAD;
			productRefGroup = 168140BFC787D260A7F881A5 /* Products */;
			projectDirPath = "";
			projectRoot = "";
			targets = (
				16814B93B17ADFCA40DE4A20 /* test */,
				168140EF745D91A6AA11330B /* testTests */,
				16814F7161923349522F53A6 /* testUITests */,
			);
		};
/* End PBXProject section */

/* Begin PBXResourcesBuildPhase section */
		16814233B5B0C39632053880 /* Resources */ = {
			isa = PBXResourcesBuildPhase;
			buildActionMask = 2147483647;
			files = (
			);
			runOnlyForDeploymentPostprocessing = 0;
		};
		1681447EF6F508E2A79B42BE /* Resources */ = {
			isa = PBXResourcesBuildPhase;
			buildActionMask = 2147483647;
			files = (
			);
			runOnlyForDeploymentPostprocessing = 0;
		};
		1681458EF1408F396FAAE2D8 /* Resources */ = {
			isa = PBXResourcesBuildPhase;
			buildActionMask = 2147483647;
			files = (
				168141256021DBFDDA40E4E6 /* Assets.xcassets in Resources */,
				16814EC9295BE12ED94A8DF0 /* Preview Assets.xcassets in Resources */,
			);
			runOnlyForDeploymentPostprocessing = 0;
		};
/* End PBXResourcesBuildPhase section */

/* Begin PBXSourcesBuildPhase section */
		1681417EC525C946863BC0A4 /* Sources */ = {
			isa = PBXSourcesBuildPhase;
			buildActionMask = 2147483647;
			files = (
				168141D481EB62B1486A2DC2 /* testApp.swift in Sources */,
				1681403C5D6D782B0BA6F0D1 /* ContentView.swift in Sources */,
				16814E372CE7F597674C6565 /* OCTest.mm in Sources */,
			);
			runOnlyForDeploymentPostprocessing = 0;
		};
		16814455F4B0309C23273894 /* Sources */ = {
			isa = PBXSourcesBuildPhase;
			buildActionMask = 2147483647;
			files = (
				168146A24F7C95DEF9E56455 /* testUITests.swift in Sources */,
				1681423E0A90784E470B35F5 /* testUITestsLaunchTests.swift in Sources */,
			);
			runOnlyForDeploymentPostprocessing = 0;
		};
		1681473417270758AC632696 /* Sources */ = {
			isa = PBXSourcesBuildPhase;
			buildActionMask = 2147483647;
			files = (
				168140A4658C71F06D0B2693 /* testTests.swift in Sources */,
			);
			runOnlyForDeploymentPostprocessing = 0;
		};
/* End PBXSourcesBuildPhase section */

/* Begin PBXTargetDependency section */
		1681423BEE71706B80CC5639 /* PBXTargetDependency */ = {
			isa = PBXTargetDependency;
			target = 16814B93B17ADFCA40DE4A20 /* test */;
			targetProxy = 168148EAE60DEB888B526A3B /* PBXContainerItemProxy */;
		};
		168146490F9AEEC9A97D97D2 /* PBXTargetDependency */ = {
			isa = PBXTargetDependency;
			target = 16814B93B17ADFCA40DE4A20 /* test */;
			targetProxy = 16814D1DD8BC85189056135C /* PBXContainerItemProxy */;
		};
/* End PBXTargetDependency section */

/* Begin XCBuildConfiguration section */
		168141A1DB4D38E9C7A7BF3D /* Release */ = {
			isa = XCBuildConfiguration;
			buildSettings = {
				ALWAYS_SEARCH_USER_PATHS = NO;
				CLANG_ANALYZER_NONNULL = YES;
				CLANG_ANALYZER_NUMBER_OBJECT_CONVERSION = YES_AGGRESSIVE;
				CLANG_CXX_LANGUAGE_STANDARD = "gnu++17";
				CLANG_ENABLE_MODULES = YES;
				CLANG_ENABLE_OBJC_ARC = YES;
				CLANG_ENABLE_OBJC_WEAK = YES;
				CLANG_WARN_BLOCK_CAPTURE_AUTORELEASING = YES;
				CLANG_WARN_BOOL_CONVERSION = YES;
				CLANG_WARN_COMMA = YES;
				CLANG_WARN_CONSTANT_CONVERSION = YES;
				CLANG_WARN_DEPRECATED_OBJC_IMPLEMENTATIONS = YES;
				CLANG_WARN_DIRECT_OBJC_ISA_USAGE = YES_ERROR;
				CLANG_WARN_DOCUMENTATION_COMMENTS = YES;
				CLANG_WARN_EMPTY_BODY = YES;
				CLANG_WARN_ENUM_CONVERSION = YES;
				CLANG_WARN_INFINITE_RECURSION = YES;
				CLANG_WARN_INT_CONVERSION = YES;
				CLANG_WARN_NON_LITERAL_NULL_CONVERSION = YES;
				CLANG_WARN_OBJC_IMPLICIT_RETAIN_SELF = YES;
				CLANG_WARN_OBJC_LITERAL_CONVERSION = YES;
				CLANG_WARN_OBJC_ROOT_CLASS = YES_ERROR;
				CLANG_WARN_QUOTED_INCLUDE_IN_FRAMEWORK_HEADER = YES;
				CLANG_WARN_RANGE_LOOP_ANALYSIS = YES;
				CLANG_WARN_STRICT_PROTOTYPES = YES;
				CLANG_WARN_SUSPICIOUS_MOVE = YES;
				CLANG_WARN_UNGUARDED_AVAILABILITY = YES_AGGRESSIVE;
				CLANG_WARN_UNREACHABLE_CODE = YES;
				CLANG_WARN__DUPLICATE_METHOD_MATCH = YES;
				COPY_PHASE_STRIP = NO;
				DEBUG_INFORMATION_FORMAT = "dwarf-with-dsym";
				ENABLE_NS_ASSERTIONS = NO;
				ENABLE_STRICT_OBJC_MSGSEND = YES;
				GCC_C_LANGUAGE_STANDARD = gnu11;
				GCC_NO_COMMON_BLOCKS = YES;
				GCC_WARN_64_TO_32_BIT_CONVERSION = YES;
				GCC_WARN_ABOUT_RETURN_TYPE = YES_ERROR;
				GCC_WARN_UNDECLARED_SELECTOR = YES;
				GCC_WARN_UNINITIALIZED_AUTOS = YES_AGGRESSIVE;
				GCC_WARN_UNUSED_FUNCTION = YES;
				GCC_WARN_UNUSED_VARIABLE = YES;
				IPHONEOS_DEPLOYMENT_TARGET = 15.5;
				MTL_ENABLE_DEBUG_INFO = NO;
				MTL_FAST_MATH = YES;
				SDKROOT = iphoneos;
				SWIFT_COMPILATION_MODE = wholemodule;
				SWIFT_OPTIMIZATION_LEVEL = "-O";
				VALIDATE_PRODUCT = YES;
			};
			name = Release;
		};
		168146E75849D74F6AF5DDAD /* Release */ = {
			isa = XCBuildConfiguration;
			buildSettings = {
				CURRENT_PROJECT_VERSION = 1;
				GENERATE_INFOPLIST_FILE = YES;
				MARKETING_VERSION = 1.0;
				PRODUCT_BUNDLE_IDENTIFIER = test.testUITests;
				PRODUCT_NAME = "$(TARGET_NAME)";
				SWIFT_EMIT_LOC_STRINGS = NO;
				SWIFT_VERSION = 5.0;
				TARGETED_DEVICE_FAMILY = "1,2";
				TEST_TARGET_NAME = test;
			};
			name = Release;
		};
		1681491DBCDF92DC55537973 /* Debug */ = {
			isa = XCBuildConfiguration;
			buildSettings = {
				ALWAYS_SEARCH_USER_PATHS = NO;
				CLANG_ANALYZER_NONNULL = YES;
				CLANG_ANALYZER_NUMBER_OBJECT_CONVERSION = YES_AGGRESSIVE;
				CLANG_CXX_LANGUAGE_STANDARD = "gnu++17";
				CLANG_ENABLE_MODULES = YES;
				CLANG_ENABLE_OBJC_ARC = YES;
				CLANG_ENABLE_OBJC_WEAK = YES;
				CLANG_WARN_BLOCK_CAPTURE_AUTORELEASING = YES;
				CLANG_WARN_BOOL_CONVERSION = YES;
				CLANG_WARN_COMMA = YES;
				CLANG_WARN_CONSTANT_CONVERSION = YES;
				CLANG_WARN_DEPRECATED_OBJC_IMPLEMENTATIONS = YES;
				CLANG_WARN_DIRECT_OBJC_ISA_USAGE = YES_ERROR;
				CLANG_WARN_DOCUMENTATION_COMMENTS = YES;
				CLANG_WARN_EMPTY_BODY = YES;
				CLANG_WARN_ENUM_CONVERSION = YES;
				CLANG_WARN_INFINITE_RECURSION = YES;
				CLANG_WARN_INT_CONVERSION = YES;
				CLANG_WARN_NON_LITERAL_NULL_CONVERSION = YES;
				CLANG_WARN_OBJC_IMPLICIT_RETAIN_SELF = YES;
				CLANG_WARN_OBJC_LITERAL_CONVERSION = YES;
				CLANG_WARN_OBJC_ROOT_CLASS = YES_ERROR;
				CLANG_WARN_QUOTED_INCLUDE_IN_FRAMEWORK_HEADER = YES;
				CLANG_WARN_RANGE_LOOP_ANALYSIS = YES;
				CLANG_WARN_STRICT_PROTOTYPES = YES;
				CLANG_WARN_SUSPICIOUS_MOVE = YES;
				CLANG_WARN_UNGUARDED_AVAILABILITY = YES_AGGRESSIVE;
				CLANG_WARN_UNREACHABLE_CODE = YES;
				CLANG_WARN__DUPLICATE_METHOD_MATCH = YES;
				COPY_PHASE_STRIP = NO;
				DEBUG_INFORMATION_FORMAT = dwarf;
				ENABLE_STRICT_OBJC_MSGSEND = YES;
				ENABLE_TESTABILITY = YES;
				GCC_C_LANGUAGE_STANDARD = gnu11;
				GCC_DYNAMIC_NO_PIC = NO;
				GCC_NO_COMMON_BLOCKS = YES;
				GCC_OPTIMIZATION_LEVEL = 0;
				GCC_PREPROCESSOR_DEFINITIONS = (
					"DEBUG=1",
					"$(inherited)",
				);
				GCC_WARN_64_TO_32_BIT_CONVERSION = YES;
				GCC_WARN_ABOUT_RETURN_TYPE = YES_ERROR;
				GCC_WARN_UNDECLARED_SELECTOR = YES;
				GCC_WARN_UNINITIALIZED_AUTOS = YES_AGGRESSIVE;
				GCC_WARN_UNUSED_FUNCTION = YES;
				GCC_WARN_UNUSED_VARIABLE = YES;
				IPHONEOS_DEPLOYMENT_TARGET = 15.5;
				MTL_ENABLE_DEBUG_INFO = INCLUDE_SOURCE;
				MTL_FAST_MATH = YES;
				ONLY_ACTIVE_ARCH = YES;
				SDKROOT = iphoneos;
				SWIFT_ACTIVE_COMPILATION_CONDITIONS = DEBUG;
				SWIFT_OPTIMIZATION_LEVEL = "-Onone";
			};
			name = Debug;
		};
		16814C2D8573469C71501147 /* Release */ = {
			isa = XCBuildConfiguration;
			buildSettings = {
				ASSETCATALOG_COMPILER_APPICON_NAME = AppIcon;
				ASSETCATALOG_COMPILER_GLOBAL_ACCENT_COLOR_NAME = AccentColor;
				CURRENT_PROJECT_VERSION = 1;
				DEVELOPMENT_ASSET_PATHS = "\"test/Preview Content\"";
				ENABLE_PREVIEWS = YES;
				GENERATE_INFOPLIST_FILE = YES;
				INFOPLIST_KEY_UIApplicationSceneManifest_Generation = YES;
				INFOPLIST_KEY_UIApplicationSupportsIndirectInputEvents = YES;
				INFOPLIST_KEY_UILaunchScreen_Generation = YES;
				INFOPLIST_KEY_UISupportedInterfaceOrientations_iPad = "UIInterfaceOrientationPortrait UIInterfaceOrientationPortraitUpsideDown UIInterfaceOrientationLandscapeLeft UIInterfaceOrientationLandscapeRight";
				INFOPLIST_KEY_UISupportedInterfaceOrientations_iPhone = "UIInterfaceOrientationPortrait UIInterfaceOrientationLandscapeLeft UIInterfaceOrientationLandscapeRight";
				LD_RUNPATH_SEARCH_PATHS = "$(inherited) @executable_path/Frameworks";
				MARKETING_VERSION = 1.0;
				PRODUCT_BUNDLE_IDENTIFIER = test.test;
				PRODUCT_NAME = "$(TARGET_NAME)";
				SWIFT_EMIT_LOC_STRINGS = YES;
				SWIFT_VERSION = 5.0;
				TARGETED_DEVICE_FAMILY = "1,2";
			};
			name = Release;
		};
		16814C3EFFC76B4C64450EE0 /* Release */ = {
			isa = XCBuildConfiguration;
			buildSettings = {
				BUNDLE_LOADER = "$(BUILT_PRODUCTS_DIR)/test.app/test";
				CURRENT_PROJECT_VERSION = 1;
				GENERATE_INFOPLIST_FILE = YES;
				MARKETING_VERSION = 1.0;
				PRODUCT_BUNDLE_IDENTIFIER = test.testTests;
				PRODUCT_NAME = "$(TARGET_NAME)";
				SWIFT_EMIT_LOC_STRINGS = NO;
				SWIFT_VERSION = 5.0;
				TARGETED_DEVICE_FAMILY = "1,2";
				TEST_HOST = "$(BUNDLE_LOADER)";
			};
			name = Release;
		};
		16814CFF6A23EAE92D610A65 /* Debug */ = {
			isa = XCBuildConfiguration;
			buildSettings = {
				CURRENT_PROJECT_VERSION = 1;
				GENERATE_INFOPLIST_FILE = YES;
				MARKETING_VERSION = 1.0;
				PRODUCT_BUNDLE_IDENTIFIER = test.testUITests;
				PRODUCT_NAME = "$(TARGET_NAME)";
				SWIFT_EMIT_LOC_STRINGS = NO;
				SWIFT_VERSION = 5.0;
				TARGETED_DEVICE_FAMILY = "1,2";
				TEST_TARGET_NAME = test;
			};
			name = Debug;
		};
		16814F78D6AEA819B2CA234E /* Debug */ = {
			isa = XCBuildConfiguration;
			buildSettings = {
				BUNDLE_LOADER = "$(BUILT_PRODUCTS_DIR)/test.app/test";
				CURRENT_PROJECT_VERSION = 1;
				GENERATE_INFOPLIST_FILE = YES;
				MARKETING_VERSION = 1.0;
				PRODUCT_BUNDLE_IDENTIFIER = test.testTests;
				PRODUCT_NAME = "$(TARGET_NAME)";
				SWIFT_EMIT_LOC_STRINGS = NO;
				SWIFT_VERSION = 5.0;
				TARGETED_DEVICE_FAMILY = "1,2";
				TEST_HOST = "$(BUNDLE_LOADER)";
			};
			name = Debug;
		};
		16814F9D1A8F6C798B46A984 /* Debug */ = {
			isa = XCBuildConfiguration;
			buildSettings = {
				ASSETCATALOG_COMPILER_APPICON_NAME = AppIcon;
				ASSETCATALOG_COMPILER_GLOBAL_ACCENT_COLOR_NAME = AccentColor;
				CURRENT_PROJECT_VERSION = 1;
				DEVELOPMENT_ASSET_PATHS = "\"test/Preview Content\"";
				ENABLE_PREVIEWS = YES;
				GENERATE_INFOPLIST_FILE = YES;
				INFOPLIST_KEY_UIApplicationSceneManifest_Generation = YES;
				INFOPLIST_KEY_UIApplicationSupportsIndirectInputEvents = YES;
				INFOPLIST_KEY_UILaunchScreen_Generation = YES;
				INFOPLIST_KEY_UISupportedInterfaceOrientations_iPad = "UIInterfaceOrientationPortrait UIInterfaceOrientationPortraitUpsideDown UIInterfaceOrientationLandscapeLeft UIInterfaceOrientationLandscapeRight";
				INFOPLIST_KEY_UISupportedInterfaceOrientations_iPhone = "UIInterfaceOrientationPortrait UIInterfaceOrientationLandscapeLeft UIInterfaceOrientationLandscapeRight";
				LD_RUNPATH_SEARCH_PATHS = "$(inherited) @executable_path/Frameworks";
				MARKETING_VERSION = 1.0;
				PRODUCT_BUNDLE_IDENTIFIER = test.test;
				PRODUCT_NAME = "$(TARGET_NAME)";
				SWIFT_EMIT_LOC_STRINGS = YES;
				SWIFT_VERSION = 5.0;
				TARGETED_DEVICE_FAMILY = "1,2";
			};
			name = Debug;
		};
/* End XCBuildConfiguration section */

/* Begin XCConfigurationList section */
		168140D7E9F6812D45B46FD1 /* Build configuration list for PBXNativeTarget "test" */ = {
			isa = XCConfigurationList;
			buildConfigurations = (
				16814F9D1A8F6C798B46A984 /* Debug */,
				16814C2D8573469C71501147 /* Release */,
			);
			defaultConfigurationIsVisible = 0;
		};
		1681413E67943319A5AA6E9E /* Build configuration list for PBXNativeTarget "testTests" */ = {
			isa = XCConfigurationList;
			buildConfigurations = (
				16814F78D6AEA819B2CA234E /* Debug */,
				16814C3EFFC76B4C64450EE0 /* Release */,
			);
			defaultConfigurationIsVisible = 0;
		};
		168146ADB7C48DC10D152515 /* Build configuration list for PBXProject "test" */ = {
			isa = XCConfigurationList;
			buildConfigurations = (
				1681491DBCDF92DC55537973 /* Debug */,
				168141A1DB4D38E9C7A7BF3D /* Release */,
			);
			defaultConfigurationIsVisible = 0;
			defaultConfigurationName = Release;
		};
		16814C323AE9C1C63CB953B6 /* Build configuration list for PBXNativeTarget "testUITests" */ = {
			isa = XCConfigurationList;
			buildConfigurations = (
				16814CFF6A23EAE92D610A65 /* Debug */,
				168146E75849D74F6AF5DDAD /* Release */,
			);
			defaultConfigurationIsVisible = 0;
		};
/* End XCConfigurationList section */
	};
	rootObject = 16814F065CAB6C1C975CF8A3 /* Project object */;
}
